# GENERATED FILE - DO NOT EDIT DIRECTLY
schema_version: 1

bundle:
  version: "0.9.4-dev"
  release_sequence: 0
  channel: "development"
  source_tree_digest: "sha256:ba597010d9403127df8c67102186ef40c546a08101d1a93201d17f8108deb520"
  digest: "sha256:12020fd6433653d350bca1bc3ee3f8b6a59c0bcbdef96ed2ed8d24480cff212b"

projection:
  input_digest: "sha256:048baa26a4f956354ef7f505aaf8720b03f233a06fed36cd84c5e2c9c60abc7b"
  output_digest: "sha256:1bc616a57202f145974e0002e21a77d8d0ddafea4ed7bf261bd0f6da836f7f56"
  files:
    - path: ".gds/compiled-policy.json"
      digest: "sha256:eee55b283957a67c6ac3c369f7218a6b9ce07071de802a45117a016e576af9cf"
